
Microsoft Visual Studio Solution File, Format Version 12.00
# Visual Studio Version 17
VisualStudioVersion = 17.1.32407.343
MinimumVisualStudioVersion = 10.0.40219.1
Project("{9A19103F-16F7-4668-BE54-9A1E7A4F7556}") = "HTTPServer", "HTTPServer\HTTPServer.csproj", "{D3F196C0-30D6-4B6A-8598-441F344E435C}"
EndProject
Project("{FAE04EC0-301F-11D3-BF4B-00C04F79EFBC}") = "MyORM", "MyORM\MyORM.csproj", "{9FB5EE15-CF33-4A9E-AFC7-9CB0D5157BFE}"
EndProject
Global
	GlobalSection(SolutionConfigurationPlatforms) = preSolution
		Debug|Any CPU = Debug|Any CPU
		Release|Any CPU = Release|Any CPU
	EndGlobalSection
	GlobalSection(ProjectConfigurationPlatforms) = postSolution
		{D3F196C0-30D6-4B6A-8598-441F344E435C}.Debug|Any CPU.ActiveCfg = Debug|Any CPU
		{D3F196C0-30D6-4B6A-8598-441F344E435C}.Debug|Any CPU.Build.0 = Debug|Any CPU
		{D3F196C0-30D6-4B6A-8598-441F344E435C}.Release|Any CPU.ActiveCfg = Release|Any CPU
		{D3F196C0-30D6-4B6A-8598-441F344E435C}.Release|Any CPU.Build.0 = Release|Any CPU
		{9FB5EE15-CF33-4A9E-AFC7-9CB0D5157BFE}.Debug|Any CPU.ActiveCfg = Debug|Any CPU
		{9FB5EE15-CF33-4A9E-AFC7-9CB0D5157BFE}.Debug|Any CPU.Build.0 = Debug|Any CPU
		{9FB5EE15-CF33-4A9E-AFC7-9CB0D5157BFE}.Release|Any CPU.ActiveCfg = Release|Any CPU
		{9FB5EE15-CF33-4A9E-AFC7-9CB0D5157BFE}.Release|Any CPU.Build.0 = Release|Any CPU
		{4543C30F-1CC0-416C-95FD-A0F8C970B774}.Debug|Any CPU.ActiveCfg = Debug|Any CPU
		{4543C30F-1CC0-416C-95FD-A0F8C970B774}.Debug|Any CPU.Build.0 = Debug|Any CPU
		{4543C30F-1CC0-416C-95FD-A0F8C970B774}.Release|Any CPU.ActiveCfg = Release|Any CPU
		{4543C30F-1CC0-416C-95FD-A0F8C970B774}.Release|Any CPU.Build.0 = Release|Any CPU
	EndGlobalSection
	GlobalSection(SolutionProperties) = preSolution
		HideSolutionNode = FALSE
	EndGlobalSection
	GlobalSection(ExtensibilityGlobals) = postSolution
		SolutionGuid = {F29FC62E-75B8-4982-931B-0F70FE65F087}
	EndGlobalSection
EndGlobal
