
Microsoft Visual Studio Solution File, Format Version 12.00
# Visual Studio Version 17
VisualStudioVersion = 17.4.33122.133
MinimumVisualStudioVersion = 10.0.40219.1
Project("{FAE04EC0-301F-11D3-BF4B-00C04F79EFBC}") = "TapChat", "TapChat\TapChat.csproj", "{21A2076E-1AF8-4572-980D-587AE11D27AD}"
EndProject
Global
	GlobalSection(SolutionConfigurationPlatforms) = preSolution
		Debug|Any CPU = Debug|Any CPU
		Release|Any CPU = Release|Any CPU
	EndGlobalSection
	GlobalSection(ProjectConfigurationPlatforms) = postSolution
		{21A2076E-1AF8-4572-980D-587AE11D27AD}.Debug|Any CPU.ActiveCfg = Debug|Any CPU
		{21A2076E-1AF8-4572-980D-587AE11D27AD}.Debug|Any CPU.Build.0 = Debug|Any CPU
		{21A2076E-1AF8-4572-980D-587AE11D27AD}.Release|Any CPU.ActiveCfg = Release|Any CPU
		{21A2076E-1AF8-4572-980D-587AE11D27AD}.Release|Any CPU.Build.0 = Release|Any CPU
	EndGlobalSection
	GlobalSection(SolutionProperties) = preSolution
		HideSolutionNode = FALSE
	EndGlobalSection
	GlobalSection(ExtensibilityGlobals) = postSolution
		SolutionGuid = {517ACFD2-A84E-4C81-96EB-EA97609D740A}
	EndGlobalSection
EndGlobal
